
Microsoft Visual Studio Solution File, Format Version 12.00
# Visual Studio 15
VisualStudioVersion = 15.0.28307.106
MinimumVisualStudioVersion = 10.0.40219.1
Project("{2150E333-8FDC-42A3-9474-1A3956D46DE8}") = "Core", "Core", "{4FB4083B-F7D0-441C-BAED-7ABA724502A8}"
EndProject
Project("{9A19103F-16F7-4668-BE54-9A1E7A4F7556}") = "DotnetCore.Core", "DotnetCore.Core\DotnetCore.Core.csproj", "{7212A09C-4238-48F1-8AF1-9BE7AABC8137}"
EndProject
Project("{2150E333-8FDC-42A3-9474-1A3956D46DE8}") = "Infrastructure", "Infrastructure", "{DD8A005D-A899-44CF-A6CF-B4D3C4D48310}"
EndProject
Project("{9A19103F-16F7-4668-BE54-9A1E7A4F7556}") = "DotnetCore.Infrastructure", "DotnetCore.Infrastructure\DotnetCore.Infrastructure.csproj", "{230AFA18-AEBB-476D-AF00-33C548D5D639}"
EndProject
Project("{9A19103F-16F7-4668-BE54-9A1E7A4F7556}") = "DotnetCore.Core.Entity", "DotnetCore.Core.Entity\DotnetCore.Core.Entity.csproj", "{A8E64D24-6B58-4B5C-8E25-5F4209079591}"
EndProject
Project("{9A19103F-16F7-4668-BE54-9A1E7A4F7556}") = "DotnetCore.Core.DTO", "DotnetCore.DTO\DotnetCore.Core.DTO.csproj", "{DE40344A-A51A-498D-A038-5848B5DBF019}"
EndProject
Project("{9A19103F-16F7-4668-BE54-9A1E7A4F7556}") = "DotnetCore.Core.Utility", "DotnetCore.Utility\DotnetCore.Core.Utility.csproj", "{591A4336-B28B-4607-B3A5-503DEC9961B1}"
EndProject
Project("{9A19103F-16F7-4668-BE54-9A1E7A4F7556}") = "DotnetCore.WebAPI", "DotnetCore.WebAPI\DotnetCore.WebAPI.csproj", "{51E6627F-382D-4214-A606-A2CC5EE7E672}"
EndProject
Global
	GlobalSection(SolutionConfigurationPlatforms) = preSolution
		Debug|Any CPU = Debug|Any CPU
		Release|Any CPU = Release|Any CPU
	EndGlobalSection
	GlobalSection(ProjectConfigurationPlatforms) = postSolution
		{7212A09C-4238-48F1-8AF1-9BE7AABC8137}.Debug|Any CPU.ActiveCfg = Debug|Any CPU
		{7212A09C-4238-48F1-8AF1-9BE7AABC8137}.Debug|Any CPU.Build.0 = Debug|Any CPU
		{7212A09C-4238-48F1-8AF1-9BE7AABC8137}.Release|Any CPU.ActiveCfg = Release|Any CPU
		{7212A09C-4238-48F1-8AF1-9BE7AABC8137}.Release|Any CPU.Build.0 = Release|Any CPU
		{230AFA18-AEBB-476D-AF00-33C548D5D639}.Debug|Any CPU.ActiveCfg = Debug|Any CPU
		{230AFA18-AEBB-476D-AF00-33C548D5D639}.Debug|Any CPU.Build.0 = Debug|Any CPU
		{230AFA18-AEBB-476D-AF00-33C548D5D639}.Release|Any CPU.ActiveCfg = Release|Any CPU
		{230AFA18-AEBB-476D-AF00-33C548D5D639}.Release|Any CPU.Build.0 = Release|Any CPU
		{A8E64D24-6B58-4B5C-8E25-5F4209079591}.Debug|Any CPU.ActiveCfg = Debug|Any CPU
		{A8E64D24-6B58-4B5C-8E25-5F4209079591}.Debug|Any CPU.Build.0 = Debug|Any CPU
		{A8E64D24-6B58-4B5C-8E25-5F4209079591}.Release|Any CPU.ActiveCfg = Release|Any CPU
		{A8E64D24-6B58-4B5C-8E25-5F4209079591}.Release|Any CPU.Build.0 = Release|Any CPU
		{DE40344A-A51A-498D-A038-5848B5DBF019}.Debug|Any CPU.ActiveCfg = Debug|Any CPU
		{DE40344A-A51A-498D-A038-5848B5DBF019}.Debug|Any CPU.Build.0 = Debug|Any CPU
		{DE40344A-A51A-498D-A038-5848B5DBF019}.Release|Any CPU.ActiveCfg = Release|Any CPU
		{DE40344A-A51A-498D-A038-5848B5DBF019}.Release|Any CPU.Build.0 = Release|Any CPU
		{591A4336-B28B-4607-B3A5-503DEC9961B1}.Debug|Any CPU.ActiveCfg = Debug|Any CPU
		{591A4336-B28B-4607-B3A5-503DEC9961B1}.Debug|Any CPU.Build.0 = Debug|Any CPU
		{591A4336-B28B-4607-B3A5-503DEC9961B1}.Release|Any CPU.ActiveCfg = Release|Any CPU
		{591A4336-B28B-4607-B3A5-503DEC9961B1}.Release|Any CPU.Build.0 = Release|Any CPU
		{51E6627F-382D-4214-A606-A2CC5EE7E672}.Debug|Any CPU.ActiveCfg = Debug|Any CPU
		{51E6627F-382D-4214-A606-A2CC5EE7E672}.Debug|Any CPU.Build.0 = Debug|Any CPU
		{51E6627F-382D-4214-A606-A2CC5EE7E672}.Release|Any CPU.ActiveCfg = Release|Any CPU
		{51E6627F-382D-4214-A606-A2CC5EE7E672}.Release|Any CPU.Build.0 = Release|Any CPU
	EndGlobalSection
	GlobalSection(SolutionProperties) = preSolution
		HideSolutionNode = FALSE
	EndGlobalSection
	GlobalSection(NestedProjects) = preSolution
		{7212A09C-4238-48F1-8AF1-9BE7AABC8137} = {4FB4083B-F7D0-441C-BAED-7ABA724502A8}
		{230AFA18-AEBB-476D-AF00-33C548D5D639} = {DD8A005D-A899-44CF-A6CF-B4D3C4D48310}
		{A8E64D24-6B58-4B5C-8E25-5F4209079591} = {4FB4083B-F7D0-441C-BAED-7ABA724502A8}
		{DE40344A-A51A-498D-A038-5848B5DBF019} = {4FB4083B-F7D0-441C-BAED-7ABA724502A8}
		{591A4336-B28B-4607-B3A5-503DEC9961B1} = {4FB4083B-F7D0-441C-BAED-7ABA724502A8}
	EndGlobalSection
	GlobalSection(ExtensibilityGlobals) = postSolution
		SolutionGuid = {CE6C0252-03B8-49B2-8715-01E8389C7796}
	EndGlobalSection
EndGlobal
